
Microsoft Visual Studio Solution File, Format Version 12.00
# Visual Studio Version 17
VisualStudioVersion = 17.8.34322.80
MinimumVisualStudioVersion = 10.0.40219.1
Project("{FAE04EC0-301F-11D3-BF4B-00C04F79EFBC}") = "PushNotification", "PushNotification\PushNotification.csproj", "{F7AC86EE-D694-46F7-A7C7-EA4E41A6E7D1}"
EndProject
Global
	GlobalSection(SolutionConfigurationPlatforms) = preSolution
		Debug|Any CPU = Debug|Any CPU
		Release|Any CPU = Release|Any CPU
	EndGlobalSection
	GlobalSection(ProjectConfigurationPlatforms) = postSolution
		{F7AC86EE-D694-46F7-A7C7-EA4E41A6E7D1}.Debug|Any CPU.ActiveCfg = Debug|Any CPU
		{F7AC86EE-D694-46F7-A7C7-EA4E41A6E7D1}.Debug|Any CPU.Build.0 = Debug|Any CPU
		{F7AC86EE-D694-46F7-A7C7-EA4E41A6E7D1}.Release|Any CPU.ActiveCfg = Release|Any CPU
		{F7AC86EE-D694-46F7-A7C7-EA4E41A6E7D1}.Release|Any CPU.Build.0 = Release|Any CPU
	EndGlobalSection
	GlobalSection(SolutionProperties) = preSolution
		HideSolutionNode = FALSE
	EndGlobalSection
	GlobalSection(ExtensibilityGlobals) = postSolution
		SolutionGuid = {1B22F38C-39CF-42FC-8CA8-A9D92A165764}
	EndGlobalSection
EndGlobal
